
Microsoft Visual Studio Solution File, Format Version 12.00
# Visual Studio Version 17
VisualStudioVersion = 17.8.34330.188
MinimumVisualStudioVersion = 10.0.40219.1
Project("{9A19103F-16F7-4668-BE54-9A1E7A4F7556}") = "Pelias.NET", "sources\Pelias.NET\Pelias.NET.csproj", "{A3B6745F-2B96-4952-BC58-93F41663F1B9}"
EndProject
Global
	GlobalSection(SolutionConfigurationPlatforms) = preSolution
		Debug|Any CPU = Debug|Any CPU
		Release|Any CPU = Release|Any CPU
	EndGlobalSection
	GlobalSection(ProjectConfigurationPlatforms) = postSolution
		{A3B6745F-2B96-4952-BC58-93F41663F1B9}.Debug|Any CPU.ActiveCfg = Debug|Any CPU
		{A3B6745F-2B96-4952-BC58-93F41663F1B9}.Debug|Any CPU.Build.0 = Debug|Any CPU
		{A3B6745F-2B96-4952-BC58-93F41663F1B9}.Release|Any CPU.ActiveCfg = Release|Any CPU
		{A3B6745F-2B96-4952-BC58-93F41663F1B9}.Release|Any CPU.Build.0 = Release|Any CPU
	EndGlobalSection
	GlobalSection(SolutionProperties) = preSolution
		HideSolutionNode = FALSE
	EndGlobalSection
	GlobalSection(ExtensibilityGlobals) = postSolution
		SolutionGuid = {20A3EC3A-688B-4AA0-BD9D-40C5246B8664}
	EndGlobalSection
EndGlobal
